{
  "name": "proyecto-ci-cd",
  "version": "1.0.0",
  "lockfileVersion": 3,
  "requires": true,
  "packages": {
    "": {
      "name": "proyecto-ci-cd",
      "version": "1.0.0",
      "dependencies": {
        "winston": "^3.9.0"
      },
      "devDependencies": {
        "jest": "^29.0.0"
      }
    },

    "node_modules/winston": {
      "version": "3.9.0",
      "resolved": "https://registry.npmjs.org/winston/-/winston-3.9.0.tgz",
      "integrity": "sha512-W5dcXUFYFwlP7LMEaFqJ0uQWm8pLZNc/VSsImfOTAXHYTKgJc2u1BzLZswGpTrCb5rim7B5rMHNh+73p4ViWJQ==",
      "dependencies": {
        "async": "^3.2.4",
        "is-stream": "^2.0.1",
        "logform": "^2.4.2",
        "one-time": "^1.0.0",
        "readable-stream": "^3.6.2",
        "stack-trace": "0.0.10",
        "triple-beam": "^1.4.1",
        "winston-transport": "^4.5.0"
      }
    },

    "node_modules/jest": {
      "version": "29.0.0",
      "resolved": "https://registry.npmjs.org/jest/-/jest-29.0.0.tgz",
      "integrity": "sha512-WGwhjqFmoVoe2pDsvBLiTRgct1wVWpp/Qe2INwEX8PDV8U0ZaNjEYf0muejyZW/hWbpNxg8C4XxEONzFcRgj6w==",
      "dependencies": {
        "@jest/core": "^29.0.0",
        "jest-cli": "^29.0.0",
        "jest-config": "^29.0.0",
        "jest-runtime": "^29.0.0"
      }
    }
  }
}
